
Microsoft Visual Studio Solution File, Format Version 12.00
# Visual Studio Version 17
VisualStudioVersion = 17.8.34525.116
MinimumVisualStudioVersion = 10.0.40219.1
Project("{9A19103F-16F7-4668-BE54-9A1E7A4F7556}") = "Domain", "Employer.Domain\Domain.csproj", "{2AB411DA-1CEE-4E11-AFBD-789637F719F8}"
EndProject
Project("{9A19103F-16F7-4668-BE54-9A1E7A4F7556}") = "Application", "Employer.Application\Application.csproj", "{46B3CCFF-6E1A-48E0-9BB6-26345EF4DB12}"
EndProject
Project("{2150E333-8FDC-42A3-9474-1A3956D46DE8}") = "Core", "Core", "{A29CF21E-C7BF-4548-B8B0-CFB469B4AB91}"
EndProject
Project("{2150E333-8FDC-42A3-9474-1A3956D46DE8}") = "Infrastructure", "Infrastructure", "{07500A2B-91C7-4408-85D7-EE77E92EB9C0}"
EndProject
Project("{FAE04EC0-301F-11D3-BF4B-00C04F79EFBC}") = "Persistance", "Persistance\Persistance.csproj", "{CEA6955F-6B79-4CE7-BC56-6760479907FD}"
EndProject
Project("{FAE04EC0-301F-11D3-BF4B-00C04F79EFBC}") = "API", "API\API.csproj", "{3EBDCAD9-379D-458A-843F-8D0BFD8D8350}"
EndProject
Global
	GlobalSection(SolutionConfigurationPlatforms) = preSolution
		Debug|Any CPU = Debug|Any CPU
		Release|Any CPU = Release|Any CPU
	EndGlobalSection
	GlobalSection(ProjectConfigurationPlatforms) = postSolution
		{2AB411DA-1CEE-4E11-AFBD-789637F719F8}.Debug|Any CPU.ActiveCfg = Debug|Any CPU
		{2AB411DA-1CEE-4E11-AFBD-789637F719F8}.Debug|Any CPU.Build.0 = Debug|Any CPU
		{2AB411DA-1CEE-4E11-AFBD-789637F719F8}.Release|Any CPU.ActiveCfg = Release|Any CPU
		{2AB411DA-1CEE-4E11-AFBD-789637F719F8}.Release|Any CPU.Build.0 = Release|Any CPU
		{46B3CCFF-6E1A-48E0-9BB6-26345EF4DB12}.Debug|Any CPU.ActiveCfg = Debug|Any CPU
		{46B3CCFF-6E1A-48E0-9BB6-26345EF4DB12}.Debug|Any CPU.Build.0 = Debug|Any CPU
		{46B3CCFF-6E1A-48E0-9BB6-26345EF4DB12}.Release|Any CPU.ActiveCfg = Release|Any CPU
		{46B3CCFF-6E1A-48E0-9BB6-26345EF4DB12}.Release|Any CPU.Build.0 = Release|Any CPU
		{CEA6955F-6B79-4CE7-BC56-6760479907FD}.Debug|Any CPU.ActiveCfg = Debug|Any CPU
		{CEA6955F-6B79-4CE7-BC56-6760479907FD}.Debug|Any CPU.Build.0 = Debug|Any CPU
		{CEA6955F-6B79-4CE7-BC56-6760479907FD}.Release|Any CPU.ActiveCfg = Release|Any CPU
		{CEA6955F-6B79-4CE7-BC56-6760479907FD}.Release|Any CPU.Build.0 = Release|Any CPU
		{3EBDCAD9-379D-458A-843F-8D0BFD8D8350}.Debug|Any CPU.ActiveCfg = Debug|Any CPU
		{3EBDCAD9-379D-458A-843F-8D0BFD8D8350}.Debug|Any CPU.Build.0 = Debug|Any CPU
		{3EBDCAD9-379D-458A-843F-8D0BFD8D8350}.Release|Any CPU.ActiveCfg = Release|Any CPU
		{3EBDCAD9-379D-458A-843F-8D0BFD8D8350}.Release|Any CPU.Build.0 = Release|Any CPU
	EndGlobalSection
	GlobalSection(SolutionProperties) = preSolution
		HideSolutionNode = FALSE
	EndGlobalSection
	GlobalSection(NestedProjects) = preSolution
		{2AB411DA-1CEE-4E11-AFBD-789637F719F8} = {A29CF21E-C7BF-4548-B8B0-CFB469B4AB91}
		{46B3CCFF-6E1A-48E0-9BB6-26345EF4DB12} = {A29CF21E-C7BF-4548-B8B0-CFB469B4AB91}
		{CEA6955F-6B79-4CE7-BC56-6760479907FD} = {07500A2B-91C7-4408-85D7-EE77E92EB9C0}
	EndGlobalSection
	GlobalSection(ExtensibilityGlobals) = postSolution
		SolutionGuid = {A1CABD4F-A5BF-40B8-968F-39DCE7633C2E}
	EndGlobalSection
EndGlobal
